{
  "name": "Sentrix",
  "lockfileVersion": 3,
  "requires": true,
  "packages": {
    "": {
      "dependencies": {
        "sentrix-sdk": "^2.0.0"
      }
    },
    "node_modules/sentrix-sdk": {
      "version": "2.0.0",
      "resolved": "http://localhost:4873/sentrix-sdk/-/sentrix-sdk-2.0.0.tgz",
      "integrity": "sha512-0GLWT6BzuRg+mf3XC/i5xFGiIUisHCFCG7yCIDGiwyoqInqaXDOeq62TLgyN6YcfewlZXKvDkgRxdbZF++FqEw==",
      "license": "Apache-2.0",
      "engines": {
        "node": ">=16.0.0"
      }
    }
  }
}
